
Microsoft Visual Studio Solution File, Format Version 12.00
# Visual Studio Version 17
VisualStudioVersion = 17.12.35728.132
MinimumVisualStudioVersion = 10.0.40219.1
Project("{2150E333-8FDC-42A3-9474-1A3956D46DE8}") = "Services", "Services", "{609FB157-2B0C-4C09-A58B-F8B9009BE402}"
EndProject
Project("{2150E333-8FDC-42A3-9474-1A3956D46DE8}") = "Catalog", "Catalog", "{88D33A00-62BE-4D8B-B114-38C75EF2F184}"
EndProject
Project("{FAE04EC0-301F-11D3-BF4B-00C04F79EFBC}") = "Catalog.API", "Services\Catalog\Catalog.API\Catalog.API.csproj", "{9F95E0D3-572A-4C13-A95C-C064843DDF7E}"
EndProject
Project("{2150E333-8FDC-42A3-9474-1A3956D46DE8}") = "BuildingBlocks", "BuildingBlocks", "{F195F8C0-1900-4572-BC53-CB695A55FA4C}"
EndProject
Project("{FAE04EC0-301F-11D3-BF4B-00C04F79EFBC}") = "BuildingBlocks", "BuildingBlocks\BuildingBlocks\BuildingBlocks.csproj", "{22C22EBF-3D05-4338-A6C4-52A59ABD4B45}"
EndProject
Project("{E53339B2-1760-4266-BCC7-CA923CBCF16C}") = "docker-compose", "docker-compose.dcproj", "{D1161B87-E223-4EC3-9BDD-C56CD0C9876E}"
EndProject
Project("{2150E333-8FDC-42A3-9474-1A3956D46DE8}") = "Basket", "Basket", "{8FD35D2B-53CF-4077-83FF-F06AE6CD2E2E}"
EndProject
Project("{FAE04EC0-301F-11D3-BF4B-00C04F79EFBC}") = "Basket.API", "Services\Basket\Basket.API\Basket.API.csproj", "{D2BEDB18-A4B8-449C-BB86-885EE354FE11}"
EndProject
Project("{2150E333-8FDC-42A3-9474-1A3956D46DE8}") = "Discount", "Discount", "{50A03FD6-5F88-4CA9-96FF-0DEE03E88613}"
EndProject
Project("{FAE04EC0-301F-11D3-BF4B-00C04F79EFBC}") = "Discount.Grpc", "Services\Discount\Discount.Grpc\Discount.Grpc.csproj", "{99700074-17A6-4D59-A4BB-05B48FB52B4F}"
EndProject
Project("{2150E333-8FDC-42A3-9474-1A3956D46DE8}") = "Ordering", "Ordering", "{B4D132B6-7A5B-4CA9-AF61-07822E88FFC5}"
EndProject
Project("{FAE04EC0-301F-11D3-BF4B-00C04F79EFBC}") = "Ordering.API", "Services\Ordering\Ordering.API\Ordering.API.csproj", "{272B312D-2A69-4392-9728-D76C83B688CC}"
EndProject
Project("{FAE04EC0-301F-11D3-BF4B-00C04F79EFBC}") = "Ordering.Domain", "Services\Ordering\Ordering.Domain\Ordering.Domain.csproj", "{650D0AF8-F6D2-4D42-B132-B67A70786AF1}"
EndProject
Project("{FAE04EC0-301F-11D3-BF4B-00C04F79EFBC}") = "Ordering.Application", "Services\Ordering\Ordering.Application\Ordering.Application.csproj", "{A8D51289-1E66-4232-8AF8-C8F985E4A648}"
EndProject
Project("{FAE04EC0-301F-11D3-BF4B-00C04F79EFBC}") = "Ordering.Infrastructure", "Services\Ordering\Ordering.Infrastructure\Ordering.Infrastructure.csproj", "{AC290867-4CA3-49DD-B49D-4C51C538A9FA}"
EndProject
Global
	GlobalSection(SolutionConfigurationPlatforms) = preSolution
		Debug|Any CPU = Debug|Any CPU
		Release|Any CPU = Release|Any CPU
	EndGlobalSection
	GlobalSection(ProjectConfigurationPlatforms) = postSolution
		{9F95E0D3-572A-4C13-A95C-C064843DDF7E}.Debug|Any CPU.ActiveCfg = Debug|Any CPU
		{9F95E0D3-572A-4C13-A95C-C064843DDF7E}.Debug|Any CPU.Build.0 = Debug|Any CPU
		{9F95E0D3-572A-4C13-A95C-C064843DDF7E}.Release|Any CPU.ActiveCfg = Release|Any CPU
		{9F95E0D3-572A-4C13-A95C-C064843DDF7E}.Release|Any CPU.Build.0 = Release|Any CPU
		{22C22EBF-3D05-4338-A6C4-52A59ABD4B45}.Debug|Any CPU.ActiveCfg = Debug|Any CPU
		{22C22EBF-3D05-4338-A6C4-52A59ABD4B45}.Debug|Any CPU.Build.0 = Debug|Any CPU
		{22C22EBF-3D05-4338-A6C4-52A59ABD4B45}.Release|Any CPU.ActiveCfg = Release|Any CPU
		{22C22EBF-3D05-4338-A6C4-52A59ABD4B45}.Release|Any CPU.Build.0 = Release|Any CPU
		{D1161B87-E223-4EC3-9BDD-C56CD0C9876E}.Debug|Any CPU.ActiveCfg = Debug|Any CPU
		{D1161B87-E223-4EC3-9BDD-C56CD0C9876E}.Debug|Any CPU.Build.0 = Debug|Any CPU
		{D1161B87-E223-4EC3-9BDD-C56CD0C9876E}.Release|Any CPU.ActiveCfg = Release|Any CPU
		{D1161B87-E223-4EC3-9BDD-C56CD0C9876E}.Release|Any CPU.Build.0 = Release|Any CPU
		{D2BEDB18-A4B8-449C-BB86-885EE354FE11}.Debug|Any CPU.ActiveCfg = Debug|Any CPU
		{D2BEDB18-A4B8-449C-BB86-885EE354FE11}.Debug|Any CPU.Build.0 = Debug|Any CPU
		{D2BEDB18-A4B8-449C-BB86-885EE354FE11}.Release|Any CPU.ActiveCfg = Release|Any CPU
		{D2BEDB18-A4B8-449C-BB86-885EE354FE11}.Release|Any CPU.Build.0 = Release|Any CPU
		{99700074-17A6-4D59-A4BB-05B48FB52B4F}.Debug|Any CPU.ActiveCfg = Debug|Any CPU
		{99700074-17A6-4D59-A4BB-05B48FB52B4F}.Debug|Any CPU.Build.0 = Debug|Any CPU
		{99700074-17A6-4D59-A4BB-05B48FB52B4F}.Release|Any CPU.ActiveCfg = Release|Any CPU
		{99700074-17A6-4D59-A4BB-05B48FB52B4F}.Release|Any CPU.Build.0 = Release|Any CPU
		{272B312D-2A69-4392-9728-D76C83B688CC}.Debug|Any CPU.ActiveCfg = Debug|Any CPU
		{272B312D-2A69-4392-9728-D76C83B688CC}.Debug|Any CPU.Build.0 = Debug|Any CPU
		{272B312D-2A69-4392-9728-D76C83B688CC}.Release|Any CPU.ActiveCfg = Release|Any CPU
		{272B312D-2A69-4392-9728-D76C83B688CC}.Release|Any CPU.Build.0 = Release|Any CPU
		{650D0AF8-F6D2-4D42-B132-B67A70786AF1}.Debug|Any CPU.ActiveCfg = Debug|Any CPU
		{650D0AF8-F6D2-4D42-B132-B67A70786AF1}.Debug|Any CPU.Build.0 = Debug|Any CPU
		{650D0AF8-F6D2-4D42-B132-B67A70786AF1}.Release|Any CPU.ActiveCfg = Release|Any CPU
		{650D0AF8-F6D2-4D42-B132-B67A70786AF1}.Release|Any CPU.Build.0 = Release|Any CPU
		{A8D51289-1E66-4232-8AF8-C8F985E4A648}.Debug|Any CPU.ActiveCfg = Debug|Any CPU
		{A8D51289-1E66-4232-8AF8-C8F985E4A648}.Debug|Any CPU.Build.0 = Debug|Any CPU
		{A8D51289-1E66-4232-8AF8-C8F985E4A648}.Release|Any CPU.ActiveCfg = Release|Any CPU
		{A8D51289-1E66-4232-8AF8-C8F985E4A648}.Release|Any CPU.Build.0 = Release|Any CPU
		{AC290867-4CA3-49DD-B49D-4C51C538A9FA}.Debug|Any CPU.ActiveCfg = Debug|Any CPU
		{AC290867-4CA3-49DD-B49D-4C51C538A9FA}.Debug|Any CPU.Build.0 = Debug|Any CPU
		{AC290867-4CA3-49DD-B49D-4C51C538A9FA}.Release|Any CPU.ActiveCfg = Release|Any CPU
		{AC290867-4CA3-49DD-B49D-4C51C538A9FA}.Release|Any CPU.Build.0 = Release|Any CPU
	EndGlobalSection
	GlobalSection(SolutionProperties) = preSolution
		HideSolutionNode = FALSE
	EndGlobalSection
	GlobalSection(NestedProjects) = preSolution
		{88D33A00-62BE-4D8B-B114-38C75EF2F184} = {609FB157-2B0C-4C09-A58B-F8B9009BE402}
		{9F95E0D3-572A-4C13-A95C-C064843DDF7E} = {88D33A00-62BE-4D8B-B114-38C75EF2F184}
		{22C22EBF-3D05-4338-A6C4-52A59ABD4B45} = {F195F8C0-1900-4572-BC53-CB695A55FA4C}
		{8FD35D2B-53CF-4077-83FF-F06AE6CD2E2E} = {609FB157-2B0C-4C09-A58B-F8B9009BE402}
		{D2BEDB18-A4B8-449C-BB86-885EE354FE11} = {8FD35D2B-53CF-4077-83FF-F06AE6CD2E2E}
		{50A03FD6-5F88-4CA9-96FF-0DEE03E88613} = {609FB157-2B0C-4C09-A58B-F8B9009BE402}
		{99700074-17A6-4D59-A4BB-05B48FB52B4F} = {50A03FD6-5F88-4CA9-96FF-0DEE03E88613}
		{B4D132B6-7A5B-4CA9-AF61-07822E88FFC5} = {609FB157-2B0C-4C09-A58B-F8B9009BE402}
		{272B312D-2A69-4392-9728-D76C83B688CC} = {B4D132B6-7A5B-4CA9-AF61-07822E88FFC5}
		{650D0AF8-F6D2-4D42-B132-B67A70786AF1} = {B4D132B6-7A5B-4CA9-AF61-07822E88FFC5}
		{A8D51289-1E66-4232-8AF8-C8F985E4A648} = {B4D132B6-7A5B-4CA9-AF61-07822E88FFC5}
		{AC290867-4CA3-49DD-B49D-4C51C538A9FA} = {B4D132B6-7A5B-4CA9-AF61-07822E88FFC5}
	EndGlobalSection
EndGlobal
